{
    "version": 3,
    "terraform_version": "0.12.31",
    "serial": 1,
    "lineage": "8757c14b-dc76-b631-f84a-b4032cfeefc2",
    "modules": [
        {
            "path": [
                "root"
            ],
            "outputs": {
                "aws_iam_policy_tfer--AWSLambdaBasicExecutionRole-29baccd9-e629-49a8-856e-2d8f55dc874d_id": {
                    "sensitive": false,
                    "type": "string",
                    "value": "arn:aws:iam::654654550338:policy/service-role/AWSLambdaBasicExecutionRole-29baccd9-e629-49a8-856e-2d8f55dc874d"
                },
                "aws_iam_policy_tfer--AWSLambdaBasicExecutionRole-aedbd3d2-1b5e-4e42-aec4-ca430f45a537_id": {
                    "sensitive": false,
                    "type": "string",
                    "value": "arn:aws:iam::654654550338:policy/service-role/AWSLambdaBasicExecutionRole-aedbd3d2-1b5e-4e42-aec4-ca430f45a537"
                },
                "aws_iam_policy_tfer--AWSLambdaBasicExecutionRole-e19ff7d7-bf04-4ebc-a4c5-5711b90ae77d_id": {
                    "sensitive": false,
                    "type": "string",
                    "value": "arn:aws:iam::654654550338:policy/service-role/AWSLambdaBasicExecutionRole-e19ff7d7-bf04-4ebc-a4c5-5711b90ae77d"
                },
                "aws_iam_role_policy_attachment_tfer--AWSServiceRoleForSupport_AWSSupportServiceRolePolicy_id": {
                    "sensitive": false,
                    "type": "string",
                    "value": "AWSServiceRoleForSupport/arn:aws:iam::aws:policy/aws-service-role/AWSSupportServiceRolePolicy"
                },
                "aws_iam_role_policy_attachment_tfer--AWSServiceRoleForTrustedAdvisor_AWSTrustedAdvisorServiceRolePolicy_id": {
                    "sensitive": false,
                    "type": "string",
                    "value": "AWSServiceRoleForTrustedAdvisor/arn:aws:iam::aws:policy/aws-service-role/AWSTrustedAdvisorServiceRolePolicy"
                },
                "aws_iam_role_policy_attachment_tfer--ffmpeg-role-ryrt6pal_AWSLambdaBasicExecutionRole-29baccd9-e629-49a8-856e-2d8f55dc874d_id": {
                    "sensitive": false,
                    "type": "string",
                    "value": "ffmpeg-role-ryrt6pal/arn:aws:iam::654654550338:policy/service-role/AWSLambdaBasicExecutionRole-29baccd9-e629-49a8-856e-2d8f55dc874d"
                },
                "aws_iam_role_policy_attachment_tfer--thumbnailCreator-role-91s9nse5_AWSLambdaBasicExecutionRole-aedbd3d2-1b5e-4e42-aec4-ca430f45a537_id": {
                    "sensitive": false,
                    "type": "string",
                    "value": "thumbnailCreator-role-91s9nse5/arn:aws:iam::654654550338:policy/service-role/AWSLambdaBasicExecutionRole-aedbd3d2-1b5e-4e42-aec4-ca430f45a537"
                },
                "aws_iam_role_policy_attachment_tfer--thumbnailCreator-role-d53hlsvt_AWSLambdaBasicExecutionRole-e19ff7d7-bf04-4ebc-a4c5-5711b90ae77d_id": {
                    "sensitive": false,
                    "type": "string",
                    "value": "thumbnailCreator-role-d53hlsvt/arn:aws:iam::654654550338:policy/service-role/AWSLambdaBasicExecutionRole-e19ff7d7-bf04-4ebc-a4c5-5711b90ae77d"
                },
                "aws_iam_role_tfer--AWSServiceRoleForSupport_id": {
                    "sensitive": false,
                    "type": "string",
                    "value": "AWSServiceRoleForSupport"
                },
                "aws_iam_role_tfer--AWSServiceRoleForTrustedAdvisor_id": {
                    "sensitive": false,
                    "type": "string",
                    "value": "AWSServiceRoleForTrustedAdvisor"
                },
                "aws_iam_role_tfer--ffmpeg-role-ryrt6pal_id": {
                    "sensitive": false,
                    "type": "string",
                    "value": "ffmpeg-role-ryrt6pal"
                },
                "aws_iam_role_tfer--thumbnailCreator-role-91s9nse5_id": {
                    "sensitive": false,
                    "type": "string",
                    "value": "thumbnailCreator-role-91s9nse5"
                },
                "aws_iam_role_tfer--thumbnailCreator-role-d53hlsvt_id": {
                    "sensitive": false,
                    "type": "string",
                    "value": "thumbnailCreator-role-d53hlsvt"
                }
            },
            "resources": {
                "aws_iam_policy.tfer--AWSLambdaBasicExecutionRole-29baccd9-e629-49a8-856e-2d8f55dc874d": {
                    "type": "aws_iam_policy",
                    "depends_on": [],
                    "primary": {
                        "id": "arn:aws:iam::654654550338:policy/service-role/AWSLambdaBasicExecutionRole-29baccd9-e629-49a8-856e-2d8f55dc874d",
                        "attributes": {
                            "arn": "arn:aws:iam::654654550338:policy/service-role/AWSLambdaBasicExecutionRole-29baccd9-e629-49a8-856e-2d8f55dc874d",
                            "attachment_count": "1",
                            "description": "",
                            "id": "arn:aws:iam::654654550338:policy/service-role/AWSLambdaBasicExecutionRole-29baccd9-e629-49a8-856e-2d8f55dc874d",
                            "name": "AWSLambdaBasicExecutionRole-29baccd9-e629-49a8-856e-2d8f55dc874d",
                            "name_prefix": "",
                            "path": "/service-role/",
                            "policy": "{\"Statement\":[{\"Action\":\"logs:CreateLogGroup\",\"Effect\":\"Allow\",\"Resource\":\"arn:aws:logs:us-east-1:654654550338:*\"},{\"Action\":[\"logs:CreateLogStream\",\"logs:PutLogEvents\"],\"Effect\":\"Allow\",\"Resource\":[\"arn:aws:logs:us-east-1:654654550338:log-group:/aws/lambda/ffmpeg:*\"]}],\"Version\":\"2012-10-17\"}",
                            "policy_id": "ANPAZQ3DTWFBMU3NGZK23",
                            "tags.%": "0",
                            "tags_all.%": "0"
                        },
                        "meta": {
                            "schema_version": 0
                        },
                        "tainted": false
                    },
                    "deposed": [],
                    "provider": "provider.aws"
                },
                "aws_iam_policy.tfer--AWSLambdaBasicExecutionRole-aedbd3d2-1b5e-4e42-aec4-ca430f45a537": {
                    "type": "aws_iam_policy",
                    "depends_on": [],
                    "primary": {
                        "id": "arn:aws:iam::654654550338:policy/service-role/AWSLambdaBasicExecutionRole-aedbd3d2-1b5e-4e42-aec4-ca430f45a537",
                        "attributes": {
                            "arn": "arn:aws:iam::654654550338:policy/service-role/AWSLambdaBasicExecutionRole-aedbd3d2-1b5e-4e42-aec4-ca430f45a537",
                            "attachment_count": "1",
                            "description": "",
                            "id": "arn:aws:iam::654654550338:policy/service-role/AWSLambdaBasicExecutionRole-aedbd3d2-1b5e-4e42-aec4-ca430f45a537",
                            "name": "AWSLambdaBasicExecutionRole-aedbd3d2-1b5e-4e42-aec4-ca430f45a537",
                            "name_prefix": "",
                            "path": "/service-role/",
                            "policy": "{\"Statement\":[{\"Action\":\"logs:CreateLogGroup\",\"Effect\":\"Allow\",\"Resource\":\"arn:aws:logs:us-east-1:654654550338:*\"},{\"Action\":[\"logs:CreateLogStream\",\"logs:PutLogEvents\"],\"Effect\":\"Allow\",\"Resource\":[\"arn:aws:logs:us-east-1:654654550338:log-group:/aws/lambda/thumbnailCreator:*\"]}],\"Version\":\"2012-10-17\"}",
                            "policy_id": "ANPAZQ3DTWFBDYXNNODAT",
                            "tags.%": "0",
                            "tags_all.%": "0"
                        },
                        "meta": {
                            "schema_version": 0
                        },
                        "tainted": false
                    },
                    "deposed": [],
                    "provider": "provider.aws"
                },
                "aws_iam_policy.tfer--AWSLambdaBasicExecutionRole-e19ff7d7-bf04-4ebc-a4c5-5711b90ae77d": {
                    "type": "aws_iam_policy",
                    "depends_on": [],
                    "primary": {
                        "id": "arn:aws:iam::654654550338:policy/service-role/AWSLambdaBasicExecutionRole-e19ff7d7-bf04-4ebc-a4c5-5711b90ae77d",
                        "attributes": {
                            "arn": "arn:aws:iam::654654550338:policy/service-role/AWSLambdaBasicExecutionRole-e19ff7d7-bf04-4ebc-a4c5-5711b90ae77d",
                            "attachment_count": "1",
                            "description": "",
                            "id": "arn:aws:iam::654654550338:policy/service-role/AWSLambdaBasicExecutionRole-e19ff7d7-bf04-4ebc-a4c5-5711b90ae77d",
                            "name": "AWSLambdaBasicExecutionRole-e19ff7d7-bf04-4ebc-a4c5-5711b90ae77d",
                            "name_prefix": "",
                            "path": "/service-role/",
                            "policy": "{\"Statement\":[{\"Action\":\"logs:CreateLogGroup\",\"Effect\":\"Allow\",\"Resource\":\"arn:aws:logs:us-east-1:654654550338:*\"},{\"Action\":[\"logs:CreateLogStream\",\"logs:PutLogEvents\"],\"Effect\":\"Allow\",\"Resource\":[\"arn:aws:logs:us-east-1:654654550338:log-group:/aws/lambda/thumbnailCreator:*\"]}],\"Version\":\"2012-10-17\"}",
                            "policy_id": "ANPAZQ3DTWFBMJMRZZHSQ",
                            "tags.%": "0",
                            "tags_all.%": "0"
                        },
                        "meta": {
                            "schema_version": 0
                        },
                        "tainted": false
                    },
                    "deposed": [],
                    "provider": "provider.aws"
                },
                "aws_iam_role.tfer--AWSServiceRoleForSupport": {
                    "type": "aws_iam_role",
                    "depends_on": [],
                    "primary": {
                        "id": "AWSServiceRoleForSupport",
                        "attributes": {
                            "arn": "arn:aws:iam::654654550338:role/aws-service-role/support.amazonaws.com/AWSServiceRoleForSupport",
                            "assume_role_policy": "{\"Statement\":[{\"Action\":\"sts:AssumeRole\",\"Effect\":\"Allow\",\"Principal\":{\"Service\":\"support.amazonaws.com\"}}],\"Version\":\"2012-10-17\"}",
                            "create_date": "2024-02-27T20:28:07Z",
                            "description": "Enables resource access for AWS to provide billing, administrative and support services",
                            "id": "AWSServiceRoleForSupport",
                            "managed_policy_arns.#": "1",
                            "managed_policy_arns.0": "arn:aws:iam::aws:policy/aws-service-role/AWSSupportServiceRolePolicy",
                            "max_session_duration": "3600",
                            "name": "AWSServiceRoleForSupport",
                            "name_prefix": "",
                            "path": "/aws-service-role/support.amazonaws.com/",
                            "permissions_boundary": "",
                            "tags.%": "0",
                            "tags_all.%": "0",
                            "unique_id": "AROAZQ3DTWFBASD2F5MSB"
                        },
                        "meta": {
                            "schema_version": 0
                        },
                        "tainted": false
                    },
                    "deposed": [],
                    "provider": "provider.aws"
                },
                "aws_iam_role.tfer--AWSServiceRoleForTrustedAdvisor": {
                    "type": "aws_iam_role",
                    "depends_on": [],
                    "primary": {
                        "id": "AWSServiceRoleForTrustedAdvisor",
                        "attributes": {
                            "arn": "arn:aws:iam::654654550338:role/aws-service-role/trustedadvisor.amazonaws.com/AWSServiceRoleForTrustedAdvisor",
                            "assume_role_policy": "{\"Statement\":[{\"Action\":\"sts:AssumeRole\",\"Effect\":\"Allow\",\"Principal\":{\"Service\":\"trustedadvisor.amazonaws.com\"}}],\"Version\":\"2012-10-17\"}",
                            "create_date": "2024-02-27T20:28:07Z",
                            "description": "Access for the AWS Trusted Advisor Service to help reduce cost, increase performance, and improve security of your AWS environment.",
                            "id": "AWSServiceRoleForTrustedAdvisor",
                            "managed_policy_arns.#": "1",
                            "managed_policy_arns.0": "arn:aws:iam::aws:policy/aws-service-role/AWSTrustedAdvisorServiceRolePolicy",
                            "max_session_duration": "3600",
                            "name": "AWSServiceRoleForTrustedAdvisor",
                            "name_prefix": "",
                            "path": "/aws-service-role/trustedadvisor.amazonaws.com/",
                            "permissions_boundary": "",
                            "tags.%": "0",
                            "tags_all.%": "0",
                            "unique_id": "AROAZQ3DTWFBFN7K4SIUJ"
                        },
                        "meta": {
                            "schema_version": 0
                        },
                        "tainted": false
                    },
                    "deposed": [],
                    "provider": "provider.aws"
                },
                "aws_iam_role.tfer--ffmpeg-role-ryrt6pal": {
                    "type": "aws_iam_role",
                    "depends_on": [],
                    "primary": {
                        "id": "ffmpeg-role-ryrt6pal",
                        "attributes": {
                            "arn": "arn:aws:iam::654654550338:role/service-role/ffmpeg-role-ryrt6pal",
                            "assume_role_policy": "{\"Statement\":[{\"Action\":\"sts:AssumeRole\",\"Effect\":\"Allow\",\"Principal\":{\"Service\":\"lambda.amazonaws.com\"}}],\"Version\":\"2012-10-17\"}",
                            "create_date": "2024-04-02T05:19:17Z",
                            "description": "",
                            "id": "ffmpeg-role-ryrt6pal",
                            "managed_policy_arns.#": "1",
                            "managed_policy_arns.0": "arn:aws:iam::654654550338:policy/service-role/AWSLambdaBasicExecutionRole-29baccd9-e629-49a8-856e-2d8f55dc874d",
                            "max_session_duration": "3600",
                            "name": "ffmpeg-role-ryrt6pal",
                            "name_prefix": "",
                            "path": "/service-role/",
                            "permissions_boundary": "",
                            "tags.%": "0",
                            "tags_all.%": "0",
                            "unique_id": "AROAZQ3DTWFBCEOSHJ6PE"
                        },
                        "meta": {
                            "schema_version": 0
                        },
                        "tainted": false
                    },
                    "deposed": [],
                    "provider": "provider.aws"
                },
                "aws_iam_role.tfer--thumbnailCreator-role-91s9nse5": {
                    "type": "aws_iam_role",
                    "depends_on": [],
                    "primary": {
                        "id": "thumbnailCreator-role-91s9nse5",
                        "attributes": {
                            "arn": "arn:aws:iam::654654550338:role/service-role/thumbnailCreator-role-91s9nse5",
                            "assume_role_policy": "{\"Statement\":[{\"Action\":\"sts:AssumeRole\",\"Effect\":\"Allow\",\"Principal\":{\"Service\":\"lambda.amazonaws.com\"}}],\"Version\":\"2012-10-17\"}",
                            "create_date": "2024-03-29T18:48:35Z",
                            "description": "",
                            "id": "thumbnailCreator-role-91s9nse5",
                            "managed_policy_arns.#": "1",
                            "managed_policy_arns.0": "arn:aws:iam::654654550338:policy/service-role/AWSLambdaBasicExecutionRole-aedbd3d2-1b5e-4e42-aec4-ca430f45a537",
                            "max_session_duration": "3600",
                            "name": "thumbnailCreator-role-91s9nse5",
                            "name_prefix": "",
                            "path": "/service-role/",
                            "permissions_boundary": "",
                            "tags.%": "0",
                            "tags_all.%": "0",
                            "unique_id": "AROAZQ3DTWFBM67XHQSC3"
                        },
                        "meta": {
                            "schema_version": 0
                        },
                        "tainted": false
                    },
                    "deposed": [],
                    "provider": "provider.aws"
                },
                "aws_iam_role.tfer--thumbnailCreator-role-d53hlsvt": {
                    "type": "aws_iam_role",
                    "depends_on": [],
                    "primary": {
                        "id": "thumbnailCreator-role-d53hlsvt",
                        "attributes": {
                            "arn": "arn:aws:iam::654654550338:role/service-role/thumbnailCreator-role-d53hlsvt",
                            "assume_role_policy": "{\"Statement\":[{\"Action\":\"sts:AssumeRole\",\"Effect\":\"Allow\",\"Principal\":{\"Service\":\"lambda.amazonaws.com\"}}],\"Version\":\"2012-10-17\"}",
                            "create_date": "2024-03-29T20:08:33Z",
                            "description": "",
                            "id": "thumbnailCreator-role-d53hlsvt",
                            "managed_policy_arns.#": "1",
                            "managed_policy_arns.0": "arn:aws:iam::654654550338:policy/service-role/AWSLambdaBasicExecutionRole-e19ff7d7-bf04-4ebc-a4c5-5711b90ae77d",
                            "max_session_duration": "3600",
                            "name": "thumbnailCreator-role-d53hlsvt",
                            "name_prefix": "",
                            "path": "/service-role/",
                            "permissions_boundary": "",
                            "tags.%": "0",
                            "tags_all.%": "0",
                            "unique_id": "AROAZQ3DTWFBAGFNE4JTN"
                        },
                        "meta": {
                            "schema_version": 0
                        },
                        "tainted": false
                    },
                    "deposed": [],
                    "provider": "provider.aws"
                },
                "aws_iam_role_policy_attachment.tfer--AWSServiceRoleForSupport_AWSSupportServiceRolePolicy": {
                    "type": "aws_iam_role_policy_attachment",
                    "depends_on": [],
                    "primary": {
                        "id": "AWSServiceRoleForSupport/arn:aws:iam::aws:policy/aws-service-role/AWSSupportServiceRolePolicy",
                        "attributes": {
                            "id": "AWSServiceRoleForSupport/arn:aws:iam::aws:policy/aws-service-role/AWSSupportServiceRolePolicy",
                            "policy_arn": "arn:aws:iam::aws:policy/aws-service-role/AWSSupportServiceRolePolicy",
                            "role": "AWSServiceRoleForSupport"
                        },
                        "meta": {
                            "schema_version": 0
                        },
                        "tainted": false
                    },
                    "deposed": [],
                    "provider": "provider.aws"
                },
                "aws_iam_role_policy_attachment.tfer--AWSServiceRoleForTrustedAdvisor_AWSTrustedAdvisorServiceRolePolicy": {
                    "type": "aws_iam_role_policy_attachment",
                    "depends_on": [],
                    "primary": {
                        "id": "AWSServiceRoleForTrustedAdvisor/arn:aws:iam::aws:policy/aws-service-role/AWSTrustedAdvisorServiceRolePolicy",
                        "attributes": {
                            "id": "AWSServiceRoleForTrustedAdvisor/arn:aws:iam::aws:policy/aws-service-role/AWSTrustedAdvisorServiceRolePolicy",
                            "policy_arn": "arn:aws:iam::aws:policy/aws-service-role/AWSTrustedAdvisorServiceRolePolicy",
                            "role": "AWSServiceRoleForTrustedAdvisor"
                        },
                        "meta": {
                            "schema_version": 0
                        },
                        "tainted": false
                    },
                    "deposed": [],
                    "provider": "provider.aws"
                },
                "aws_iam_role_policy_attachment.tfer--ffmpeg-role-ryrt6pal_AWSLambdaBasicExecutionRole-29baccd9-e629-49a8-856e-2d8f55dc874d": {
                    "type": "aws_iam_role_policy_attachment",
                    "depends_on": [],
                    "primary": {
                        "id": "ffmpeg-role-ryrt6pal/arn:aws:iam::654654550338:policy/service-role/AWSLambdaBasicExecutionRole-29baccd9-e629-49a8-856e-2d8f55dc874d",
                        "attributes": {
                            "id": "ffmpeg-role-ryrt6pal/arn:aws:iam::654654550338:policy/service-role/AWSLambdaBasicExecutionRole-29baccd9-e629-49a8-856e-2d8f55dc874d",
                            "policy_arn": "arn:aws:iam::654654550338:policy/service-role/AWSLambdaBasicExecutionRole-29baccd9-e629-49a8-856e-2d8f55dc874d",
                            "role": "ffmpeg-role-ryrt6pal"
                        },
                        "meta": {
                            "schema_version": 0
                        },
                        "tainted": false
                    },
                    "deposed": [],
                    "provider": "provider.aws"
                },
                "aws_iam_role_policy_attachment.tfer--thumbnailCreator-role-91s9nse5_AWSLambdaBasicExecutionRole-aedbd3d2-1b5e-4e42-aec4-ca430f45a537": {
                    "type": "aws_iam_role_policy_attachment",
                    "depends_on": [],
                    "primary": {
                        "id": "thumbnailCreator-role-91s9nse5/arn:aws:iam::654654550338:policy/service-role/AWSLambdaBasicExecutionRole-aedbd3d2-1b5e-4e42-aec4-ca430f45a537",
                        "attributes": {
                            "id": "thumbnailCreator-role-91s9nse5/arn:aws:iam::654654550338:policy/service-role/AWSLambdaBasicExecutionRole-aedbd3d2-1b5e-4e42-aec4-ca430f45a537",
                            "policy_arn": "arn:aws:iam::654654550338:policy/service-role/AWSLambdaBasicExecutionRole-aedbd3d2-1b5e-4e42-aec4-ca430f45a537",
                            "role": "thumbnailCreator-role-91s9nse5"
                        },
                        "meta": {
                            "schema_version": 0
                        },
                        "tainted": false
                    },
                    "deposed": [],
                    "provider": "provider.aws"
                },
                "aws_iam_role_policy_attachment.tfer--thumbnailCreator-role-d53hlsvt_AWSLambdaBasicExecutionRole-e19ff7d7-bf04-4ebc-a4c5-5711b90ae77d": {
                    "type": "aws_iam_role_policy_attachment",
                    "depends_on": [],
                    "primary": {
                        "id": "thumbnailCreator-role-d53hlsvt/arn:aws:iam::654654550338:policy/service-role/AWSLambdaBasicExecutionRole-e19ff7d7-bf04-4ebc-a4c5-5711b90ae77d",
                        "attributes": {
                            "id": "thumbnailCreator-role-d53hlsvt/arn:aws:iam::654654550338:policy/service-role/AWSLambdaBasicExecutionRole-e19ff7d7-bf04-4ebc-a4c5-5711b90ae77d",
                            "policy_arn": "arn:aws:iam::654654550338:policy/service-role/AWSLambdaBasicExecutionRole-e19ff7d7-bf04-4ebc-a4c5-5711b90ae77d",
                            "role": "thumbnailCreator-role-d53hlsvt"
                        },
                        "meta": {
                            "schema_version": 0
                        },
                        "tainted": false
                    },
                    "deposed": [],
                    "provider": "provider.aws"
                }
            },
            "depends_on": []
        }
    ]
}
