{
    "version": 3,
    "terraform_version": "0.12.31",
    "serial": 1,
    "lineage": "af2db624-4316-f639-db32-caf95333b4cb",
    "modules": [
        {
            "path": [
                "root"
            ],
            "outputs": {
                "aws_lambda_function_event_invoke_config_tfer--feic_arn-003A-aws-003A-lambda-003A-us-east-1-003A-654654550338-003A-function-003A-thumbnailCreator-003A--0024-LATEST_id": {
                    "sensitive": false,
                    "type": "string",
                    "value": "arn:aws:lambda:us-east-1:654654550338:function:thumbnailCreator"
                },
                "aws_lambda_function_tfer--thumbnailCreator_id": {
                    "sensitive": false,
                    "type": "string",
                    "value": "arn:aws:lambda:us-east-1:654654550338:function:thumbnailCreator"
                },
                "aws_lambda_layer_version_tfer--arn-003A-aws-003A-lambda-003A-us-east-1-003A-654654550338-003A-layer-003A-ffmpeg-layer-003A-1_id": {
                    "sensitive": false,
                    "type": "string",
                    "value": "arn:aws:lambda:us-east-1:654654550338:layer:ffmpeg-layer:1"
                },
                "aws_lambda_layer_version_tfer--arn-003A-aws-003A-lambda-003A-us-east-1-003A-654654550338-003A-layer-003A-ffmpeg-layer-003A-2_id": {
                    "sensitive": false,
                    "type": "string",
                    "value": "arn:aws:lambda:us-east-1:654654550338:layer:ffmpeg-layer:2"
                },
                "aws_lambda_layer_version_tfer--arn-003A-aws-003A-lambda-003A-us-east-1-003A-654654550338-003A-layer-003A-ffmpeg-layer-003A-3_id": {
                    "sensitive": false,
                    "type": "string",
                    "value": "arn:aws:lambda:us-east-1:654654550338:layer:ffmpeg-layer:3"
                },
                "aws_lambda_layer_version_tfer--arn-003A-aws-003A-lambda-003A-us-east-1-003A-654654550338-003A-layer-003A-sharp-v0-32-003A-1_id": {
                    "sensitive": false,
                    "type": "string",
                    "value": "arn:aws:lambda:us-east-1:654654550338:layer:sharp-v0-32:1"
                },
                "aws_lambda_permission_tfer--lambda-35f647cc-7ea3-407d-abba-f4c4973f179b_id": {
                    "sensitive": false,
                    "type": "string",
                    "value": "lambda-35f647cc-7ea3-407d-abba-f4c4973f179b"
                },
                "aws_lambda_permission_tfer--lambda-d4b1fefd-962a-4dee-a68a-b144ceedd340_id": {
                    "sensitive": false,
                    "type": "string",
                    "value": "lambda-d4b1fefd-962a-4dee-a68a-b144ceedd340"
                }
            },
            "resources": {
                "aws_lambda_function.tfer--thumbnailCreator": {
                    "type": "aws_lambda_function",
                    "depends_on": [],
                    "primary": {
                        "id": "arn:aws:lambda:us-east-1:654654550338:function:thumbnailCreator",
                        "attributes": {
                            "architectures.#": "1",
                            "architectures.0": "x86_64",
                            "arn": "arn:aws:lambda:us-east-1:654654550338:function:thumbnailCreator",
                            "code_sha256": "Wo1wBQLn0rsArlYWQH6sfBqaAdGaDWfaHEcU7m3jzh8=",
                            "code_signing_config_arn": "",
                            "dead_letter_config.#": "0",
                            "description": "",
                            "environment.#": "0",
                            "ephemeral_storage.#": "1",
                            "ephemeral_storage.0.size": "512",
                            "file_system_config.#": "0",
                            "function_name": "thumbnailCreator",
                            "handler": "index.handler",
                            "id": "arn:aws:lambda:us-east-1:654654550338:function:thumbnailCreator",
                            "image_config.#": "0",
                            "image_uri": "",
                            "invoke_arn": "arn:aws:apigateway:us-east-1:lambda:path/2015-03-31/functions/arn:aws:lambda:us-east-1:654654550338:function:thumbnailCreator/invocations",
                            "kms_key_arn": "",
                            "last_modified": "2025-01-19T03:45:51.000+0000",
                            "layers.#": "2",
                            "layers.0": "arn:aws:lambda:us-east-1:654654550338:layer:ffmpeg-layer:3",
                            "layers.1": "arn:aws:lambda:us-east-1:654654550338:layer:sharp-v0-32:1",
                            "logging_config.#": "1",
                            "logging_config.0.application_log_level": "",
                            "logging_config.0.log_format": "Text",
                            "logging_config.0.log_group": "/aws/lambda/thumbnailCreator",
                            "logging_config.0.system_log_level": "",
                            "memory_size": "128",
                            "package_type": "Zip",
                            "qualified_arn": "arn:aws:lambda:us-east-1:654654550338:function:thumbnailCreator:$LATEST",
                            "qualified_invoke_arn": "arn:aws:apigateway:us-east-1:lambda:path/2015-03-31/functions/arn:aws:lambda:us-east-1:654654550338:function:thumbnailCreator:$LATEST/invocations",
                            "reserved_concurrent_executions": "-1",
                            "role": "arn:aws:iam::654654550338:role/service-role/thumbnailCreator-role-d53hlsvt",
                            "runtime": "nodejs18.x",
                            "signing_job_arn": "",
                            "signing_profile_version_arn": "",
                            "skip_destroy": "false",
                            "snap_start.#": "0",
                            "source_code_hash": "",
                            "source_code_size": "1577",
                            "tags.%": "0",
                            "tags_all.%": "0",
                            "timeout": "30",
                            "tracing_config.#": "1",
                            "tracing_config.0.mode": "PassThrough",
                            "version": "$LATEST",
                            "vpc_config.#": "0"
                        },
                        "meta": {
                            "schema_version": 0
                        },
                        "tainted": false
                    },
                    "deposed": [],
                    "provider": "provider.aws"
                },
                "aws_lambda_function_event_invoke_config.tfer--feic_arn-003A-aws-003A-lambda-003A-us-east-1-003A-654654550338-003A-function-003A-thumbnailCreator-003A--0024-LATEST": {
                    "type": "aws_lambda_function_event_invoke_config",
                    "depends_on": [],
                    "primary": {
                        "id": "arn:aws:lambda:us-east-1:654654550338:function:thumbnailCreator",
                        "attributes": {
                            "destination_config.#": "0",
                            "function_name": "arn:aws:lambda:us-east-1:654654550338:function:thumbnailCreator",
                            "id": "arn:aws:lambda:us-east-1:654654550338:function:thumbnailCreator",
                            "maximum_event_age_in_seconds": "21600",
                            "maximum_retry_attempts": "0",
                            "qualifier": ""
                        },
                        "meta": {
                            "schema_version": 0
                        },
                        "tainted": false
                    },
                    "deposed": [],
                    "provider": "provider.aws"
                },
                "aws_lambda_layer_version.tfer--arn-003A-aws-003A-lambda-003A-us-east-1-003A-654654550338-003A-layer-003A-ffmpeg-layer-003A-1": {
                    "type": "aws_lambda_layer_version",
                    "depends_on": [],
                    "primary": {
                        "id": "arn:aws:lambda:us-east-1:654654550338:layer:ffmpeg-layer:1",
                        "attributes": {
                            "arn": "arn:aws:lambda:us-east-1:654654550338:layer:ffmpeg-layer:1",
                            "code_sha256": "8Rn3AmQhkmST0wXmuqF2T9HbSlS1j9kATDXxEGtZAC0=",
                            "compatible_architectures.#": "1",
                            "compatible_architectures.0": "x86_64",
                            "compatible_runtimes.#": "2",
                            "compatible_runtimes.0": "nodejs16.x",
                            "compatible_runtimes.1": "nodejs18.x",
                            "created_date": "2024-04-02T21:38:57.202+0000",
                            "description": "FFmpeg layer",
                            "id": "arn:aws:lambda:us-east-1:654654550338:layer:ffmpeg-layer:1",
                            "layer_arn": "arn:aws:lambda:us-east-1:654654550338:layer:ffmpeg-layer",
                            "layer_name": "ffmpeg-layer",
                            "license_info": "GPL v3",
                            "signing_job_arn": "",
                            "signing_profile_version_arn": "",
                            "source_code_hash": "",
                            "source_code_size": "45579130",
                            "version": "1"
                        },
                        "meta": {
                            "schema_version": 0
                        },
                        "tainted": false
                    },
                    "deposed": [],
                    "provider": "provider.aws"
                },
                "aws_lambda_layer_version.tfer--arn-003A-aws-003A-lambda-003A-us-east-1-003A-654654550338-003A-layer-003A-ffmpeg-layer-003A-2": {
                    "type": "aws_lambda_layer_version",
                    "depends_on": [],
                    "primary": {
                        "id": "arn:aws:lambda:us-east-1:654654550338:layer:ffmpeg-layer:2",
                        "attributes": {
                            "arn": "arn:aws:lambda:us-east-1:654654550338:layer:ffmpeg-layer:2",
                            "code_sha256": "ga8heUB9ehnGh6dRYUFeL4Ygp9nj3d/C1WfdyPx6kx4=",
                            "compatible_architectures.#": "1",
                            "compatible_architectures.0": "x86_64",
                            "compatible_runtimes.#": "2",
                            "compatible_runtimes.0": "nodejs16.x",
                            "compatible_runtimes.1": "nodejs18.x",
                            "created_date": "2024-04-02T23:23:12.242+0000",
                            "description": "FFmpeg layer",
                            "id": "arn:aws:lambda:us-east-1:654654550338:layer:ffmpeg-layer:2",
                            "layer_arn": "arn:aws:lambda:us-east-1:654654550338:layer:ffmpeg-layer",
                            "layer_name": "ffmpeg-layer",
                            "license_info": "GPL v3",
                            "signing_job_arn": "",
                            "signing_profile_version_arn": "",
                            "source_code_hash": "",
                            "source_code_size": "45577230",
                            "version": "2"
                        },
                        "meta": {
                            "schema_version": 0
                        },
                        "tainted": false
                    },
                    "deposed": [],
                    "provider": "provider.aws"
                },
                "aws_lambda_layer_version.tfer--arn-003A-aws-003A-lambda-003A-us-east-1-003A-654654550338-003A-layer-003A-ffmpeg-layer-003A-3": {
                    "type": "aws_lambda_layer_version",
                    "depends_on": [],
                    "primary": {
                        "id": "arn:aws:lambda:us-east-1:654654550338:layer:ffmpeg-layer:3",
                        "attributes": {
                            "arn": "arn:aws:lambda:us-east-1:654654550338:layer:ffmpeg-layer:3",
                            "code_sha256": "6EM86szUxwd6ZavmDnvha/+Ebq9fOjiBfLYJYppA8gk=",
                            "compatible_architectures.#": "1",
                            "compatible_architectures.0": "arm64",
                            "compatible_runtimes.#": "0",
                            "created_date": "2024-04-02T23:41:30.669+0000",
                            "description": "",
                            "id": "arn:aws:lambda:us-east-1:654654550338:layer:ffmpeg-layer:3",
                            "layer_arn": "arn:aws:lambda:us-east-1:654654550338:layer:ffmpeg-layer",
                            "layer_name": "ffmpeg-layer",
                            "license_info": "",
                            "signing_job_arn": "",
                            "signing_profile_version_arn": "",
                            "source_code_hash": "",
                            "source_code_size": "60327443",
                            "version": "3"
                        },
                        "meta": {
                            "schema_version": 0
                        },
                        "tainted": false
                    },
                    "deposed": [],
                    "provider": "provider.aws"
                },
                "aws_lambda_layer_version.tfer--arn-003A-aws-003A-lambda-003A-us-east-1-003A-654654550338-003A-layer-003A-sharp-v0-32-003A-1": {
                    "type": "aws_lambda_layer_version",
                    "depends_on": [],
                    "primary": {
                        "id": "arn:aws:lambda:us-east-1:654654550338:layer:sharp-v0-32:1",
                        "attributes": {
                            "arn": "arn:aws:lambda:us-east-1:654654550338:layer:sharp-v0-32:1",
                            "code_sha256": "TDK4TblrBJxIVcW3uA+g8INLSEKS5ZdnbzAFw5VvcGw=",
                            "compatible_architectures.#": "1",
                            "compatible_architectures.0": "x86_64",
                            "compatible_runtimes.#": "2",
                            "compatible_runtimes.0": "nodejs16.x",
                            "compatible_runtimes.1": "nodejs18.x",
                            "created_date": "2024-03-29T20:04:57.030+0000",
                            "description": "Sharp layer - v0.32 (Flow)",
                            "id": "arn:aws:lambda:us-east-1:654654550338:layer:sharp-v0-32:1",
                            "layer_arn": "arn:aws:lambda:us-east-1:654654550338:layer:sharp-v0-32",
                            "layer_name": "sharp-v0-32",
                            "license_info": "Apache License 2.0",
                            "signing_job_arn": "",
                            "signing_profile_version_arn": "",
                            "source_code_hash": "",
                            "source_code_size": "7325457",
                            "version": "1"
                        },
                        "meta": {
                            "schema_version": 0
                        },
                        "tainted": false
                    },
                    "deposed": [],
                    "provider": "provider.aws"
                },
                "aws_lambda_permission.tfer--lambda-35f647cc-7ea3-407d-abba-f4c4973f179b": {
                    "type": "aws_lambda_permission",
                    "depends_on": [],
                    "primary": {
                        "id": "lambda-35f647cc-7ea3-407d-abba-f4c4973f179b",
                        "attributes": {
                            "action": "lambda:InvokeFunction",
                            "event_source_token": "",
                            "function_name": "arn:aws:lambda:us-east-1:654654550338:function:thumbnailCreator",
                            "function_url_auth_type": "",
                            "id": "lambda-35f647cc-7ea3-407d-abba-f4c4973f179b",
                            "principal": "s3.amazonaws.com",
                            "principal_org_id": "",
                            "qualifier": "",
                            "source_account": "654654550338",
                            "source_arn": "arn:aws:s3:::prod-socialmanagement-media",
                            "statement_id": "lambda-35f647cc-7ea3-407d-abba-f4c4973f179b",
                            "statement_id_prefix": ""
                        },
                        "meta": {
                            "schema_version": 0
                        },
                        "tainted": false
                    },
                    "deposed": [],
                    "provider": "provider.aws"
                },
                "aws_lambda_permission.tfer--lambda-d4b1fefd-962a-4dee-a68a-b144ceedd340": {
                    "type": "aws_lambda_permission",
                    "depends_on": [],
                    "primary": {
                        "id": "lambda-d4b1fefd-962a-4dee-a68a-b144ceedd340",
                        "attributes": {
                            "action": "lambda:InvokeFunction",
                            "event_source_token": "",
                            "function_name": "arn:aws:lambda:us-east-1:654654550338:function:thumbnailCreator",
                            "function_url_auth_type": "",
                            "id": "lambda-d4b1fefd-962a-4dee-a68a-b144ceedd340",
                            "principal": "s3.amazonaws.com",
                            "principal_org_id": "",
                            "qualifier": "",
                            "source_account": "654654550338",
                            "source_arn": "arn:aws:s3:::dev-socialmanagement-media",
                            "statement_id": "lambda-d4b1fefd-962a-4dee-a68a-b144ceedd340",
                            "statement_id_prefix": ""
                        },
                        "meta": {
                            "schema_version": 0
                        },
                        "tainted": false
                    },
                    "deposed": [],
                    "provider": "provider.aws"
                }
            },
            "depends_on": []
        }
    ]
}
