{
    "version": 3,
    "terraform_version": "0.12.31",
    "serial": 1,
    "lineage": "27422b1f-ee18-643d-5e40-0ee7ab54b509",
    "modules": [
        {
            "path": [
                "root"
            ],
            "outputs": {
                "aws_s3_bucket_policy_tfer--dev-socialmanagement-media-thumbnails_id": {
                    "sensitive": false,
                    "type": "string",
                    "value": "dev-socialmanagement-media-thumbnails"
                },
                "aws_s3_bucket_policy_tfer--dev-socialmanagement-media_id": {
                    "sensitive": false,
                    "type": "string",
                    "value": "dev-socialmanagement-media"
                },
                "aws_s3_bucket_policy_tfer--prod-socialmanagement-media-thumbnails_id": {
                    "sensitive": false,
                    "type": "string",
                    "value": "prod-socialmanagement-media-thumbnails"
                },
                "aws_s3_bucket_policy_tfer--prod-socialmanagement-media_id": {
                    "sensitive": false,
                    "type": "string",
                    "value": "prod-socialmanagement-media"
                },
                "aws_s3_bucket_tfer--dev-socialmanagement-media-thumbnails_id": {
                    "sensitive": false,
                    "type": "string",
                    "value": "dev-socialmanagement-media-thumbnails"
                },
                "aws_s3_bucket_tfer--dev-socialmanagement-media_id": {
                    "sensitive": false,
                    "type": "string",
                    "value": "dev-socialmanagement-media"
                },
                "aws_s3_bucket_tfer--prod-socialmanagement-media-thumbnails_id": {
                    "sensitive": false,
                    "type": "string",
                    "value": "prod-socialmanagement-media-thumbnails"
                },
                "aws_s3_bucket_tfer--prod-socialmanagement-media_id": {
                    "sensitive": false,
                    "type": "string",
                    "value": "prod-socialmanagement-media"
                }
            },
            "resources": {
                "aws_s3_bucket.tfer--dev-socialmanagement-media": {
                    "type": "aws_s3_bucket",
                    "depends_on": [],
                    "primary": {
                        "id": "dev-socialmanagement-media",
                        "attributes": {
                            "acceleration_status": "",
                            "acl": "private",
                            "arn": "arn:aws:s3:::dev-socialmanagement-media",
                            "bucket": "dev-socialmanagement-media",
                            "bucket_domain_name": "dev-socialmanagement-media.s3.amazonaws.com",
                            "bucket_prefix": "",
                            "bucket_regional_domain_name": "dev-socialmanagement-media.s3.us-east-1.amazonaws.com",
                            "cors_rule.#": "1",
                            "cors_rule.0.allowed_headers.#": "1",
                            "cors_rule.0.allowed_headers.0": "*",
                            "cors_rule.0.allowed_methods.#": "3",
                            "cors_rule.0.allowed_methods.0": "GET",
                            "cors_rule.0.allowed_methods.1": "POST",
                            "cors_rule.0.allowed_methods.2": "PUT",
                            "cors_rule.0.allowed_origins.#": "1",
                            "cors_rule.0.allowed_origins.0": "*",
                            "cors_rule.0.expose_headers.#": "1",
                            "cors_rule.0.expose_headers.0": "ETag",
                            "cors_rule.0.max_age_seconds": "0",
                            "force_destroy": "false",
                            "grant.#": "1",
                            "grant.0.id": "538701e3302a9d7b5f35c8c31c9eefc27464cecc3a5ce56669ffd89a6310f309",
                            "grant.0.permissions.#": "1",
                            "grant.0.permissions.0": "FULL_CONTROL",
                            "grant.0.type": "CanonicalUser",
                            "grant.0.uri": "",
                            "hosted_zone_id": "Z3AQBSTGFYJSTF",
                            "id": "dev-socialmanagement-media",
                            "lifecycle_rule.#": "0",
                            "logging.#": "0",
                            "object_lock_configuration.#": "0",
                            "object_lock_enabled": "false",
                            "policy": "{\"Version\":\"2012-10-17\",\"Statement\":[{\"Sid\":\"PublicRead\",\"Effect\":\"Allow\",\"Principal\":\"*\",\"Action\":[\"s3:GetObject\",\"s3:GetObjectVersion\"],\"Resource\":[\"arn:aws:s3:::dev-socialmanagement-media/*\",\"arn:aws:s3:::dev-socialmanagement-media\"]}]}",
                            "region": "us-east-1",
                            "replication_configuration.#": "0",
                            "request_payer": "BucketOwner",
                            "server_side_encryption_configuration.#": "1",
                            "server_side_encryption_configuration.0.rule.#": "1",
                            "server_side_encryption_configuration.0.rule.0.apply_server_side_encryption_by_default.#": "1",
                            "server_side_encryption_configuration.0.rule.0.apply_server_side_encryption_by_default.0.kms_master_key_id": "",
                            "server_side_encryption_configuration.0.rule.0.apply_server_side_encryption_by_default.0.sse_algorithm": "AES256",
                            "server_side_encryption_configuration.0.rule.0.bucket_key_enabled": "true",
                            "tags.%": "0",
                            "tags_all.%": "0",
                            "versioning.#": "1",
                            "versioning.0.enabled": "false",
                            "versioning.0.mfa_delete": "false",
                            "website.#": "0"
                        },
                        "meta": {
                            "schema_version": 0
                        },
                        "tainted": false
                    },
                    "deposed": [],
                    "provider": "provider.aws"
                },
                "aws_s3_bucket.tfer--dev-socialmanagement-media-thumbnails": {
                    "type": "aws_s3_bucket",
                    "depends_on": [],
                    "primary": {
                        "id": "dev-socialmanagement-media-thumbnails",
                        "attributes": {
                            "acceleration_status": "",
                            "acl": "private",
                            "arn": "arn:aws:s3:::dev-socialmanagement-media-thumbnails",
                            "bucket": "dev-socialmanagement-media-thumbnails",
                            "bucket_domain_name": "dev-socialmanagement-media-thumbnails.s3.amazonaws.com",
                            "bucket_prefix": "",
                            "bucket_regional_domain_name": "dev-socialmanagement-media-thumbnails.s3.us-east-1.amazonaws.com",
                            "cors_rule.#": "1",
                            "cors_rule.0.allowed_headers.#": "1",
                            "cors_rule.0.allowed_headers.0": "*",
                            "cors_rule.0.allowed_methods.#": "3",
                            "cors_rule.0.allowed_methods.0": "GET",
                            "cors_rule.0.allowed_methods.1": "POST",
                            "cors_rule.0.allowed_methods.2": "PUT",
                            "cors_rule.0.allowed_origins.#": "1",
                            "cors_rule.0.allowed_origins.0": "*",
                            "cors_rule.0.expose_headers.#": "0",
                            "cors_rule.0.max_age_seconds": "0",
                            "force_destroy": "false",
                            "grant.#": "1",
                            "grant.0.id": "538701e3302a9d7b5f35c8c31c9eefc27464cecc3a5ce56669ffd89a6310f309",
                            "grant.0.permissions.#": "1",
                            "grant.0.permissions.0": "FULL_CONTROL",
                            "grant.0.type": "CanonicalUser",
                            "grant.0.uri": "",
                            "hosted_zone_id": "Z3AQBSTGFYJSTF",
                            "id": "dev-socialmanagement-media-thumbnails",
                            "lifecycle_rule.#": "0",
                            "logging.#": "0",
                            "object_lock_configuration.#": "0",
                            "object_lock_enabled": "false",
                            "policy": "{\"Version\":\"2012-10-17\",\"Statement\":[{\"Sid\":\"PublicRead\",\"Effect\":\"Allow\",\"Principal\":\"*\",\"Action\":[\"s3:GetObject\",\"s3:GetObjectVersion\",\"s3:PutObject\",\"s3:PutObjectAcl\"],\"Resource\":[\"arn:aws:s3:::dev-socialmanagement-media-thumbnails/*\",\"arn:aws:s3:::dev-socialmanagement-media-thumbnails\"]}]}",
                            "region": "us-east-1",
                            "replication_configuration.#": "0",
                            "request_payer": "BucketOwner",
                            "server_side_encryption_configuration.#": "1",
                            "server_side_encryption_configuration.0.rule.#": "1",
                            "server_side_encryption_configuration.0.rule.0.apply_server_side_encryption_by_default.#": "1",
                            "server_side_encryption_configuration.0.rule.0.apply_server_side_encryption_by_default.0.kms_master_key_id": "",
                            "server_side_encryption_configuration.0.rule.0.apply_server_side_encryption_by_default.0.sse_algorithm": "AES256",
                            "server_side_encryption_configuration.0.rule.0.bucket_key_enabled": "true",
                            "tags.%": "0",
                            "tags_all.%": "0",
                            "versioning.#": "1",
                            "versioning.0.enabled": "false",
                            "versioning.0.mfa_delete": "false",
                            "website.#": "0"
                        },
                        "meta": {
                            "schema_version": 0
                        },
                        "tainted": false
                    },
                    "deposed": [],
                    "provider": "provider.aws"
                },
                "aws_s3_bucket.tfer--prod-socialmanagement-media": {
                    "type": "aws_s3_bucket",
                    "depends_on": [],
                    "primary": {
                        "id": "prod-socialmanagement-media",
                        "attributes": {
                            "acceleration_status": "",
                            "acl": "private",
                            "arn": "arn:aws:s3:::prod-socialmanagement-media",
                            "bucket": "prod-socialmanagement-media",
                            "bucket_domain_name": "prod-socialmanagement-media.s3.amazonaws.com",
                            "bucket_prefix": "",
                            "bucket_regional_domain_name": "prod-socialmanagement-media.s3.us-east-1.amazonaws.com",
                            "cors_rule.#": "1",
                            "cors_rule.0.allowed_headers.#": "1",
                            "cors_rule.0.allowed_headers.0": "*",
                            "cors_rule.0.allowed_methods.#": "5",
                            "cors_rule.0.allowed_methods.0": "DELETE",
                            "cors_rule.0.allowed_methods.1": "GET",
                            "cors_rule.0.allowed_methods.2": "HEAD",
                            "cors_rule.0.allowed_methods.3": "POST",
                            "cors_rule.0.allowed_methods.4": "PUT",
                            "cors_rule.0.allowed_origins.#": "1",
                            "cors_rule.0.allowed_origins.0": "*",
                            "cors_rule.0.expose_headers.#": "1",
                            "cors_rule.0.expose_headers.0": "ETag",
                            "cors_rule.0.max_age_seconds": "0",
                            "force_destroy": "false",
                            "grant.#": "1",
                            "grant.0.id": "538701e3302a9d7b5f35c8c31c9eefc27464cecc3a5ce56669ffd89a6310f309",
                            "grant.0.permissions.#": "1",
                            "grant.0.permissions.0": "FULL_CONTROL",
                            "grant.0.type": "CanonicalUser",
                            "grant.0.uri": "",
                            "hosted_zone_id": "Z3AQBSTGFYJSTF",
                            "id": "prod-socialmanagement-media",
                            "lifecycle_rule.#": "0",
                            "logging.#": "0",
                            "object_lock_configuration.#": "0",
                            "object_lock_enabled": "false",
                            "policy": "{\"Version\":\"2012-10-17\",\"Statement\":[{\"Sid\":\"PublicRead\",\"Effect\":\"Allow\",\"Principal\":\"*\",\"Action\":[\"s3:GetObject\",\"s3:GetObjectVersion\"],\"Resource\":[\"arn:aws:s3:::prod-socialmanagement-media/*\",\"arn:aws:s3:::prod-socialmanagement-media\"]}]}",
                            "region": "us-east-1",
                            "replication_configuration.#": "0",
                            "request_payer": "BucketOwner",
                            "server_side_encryption_configuration.#": "1",
                            "server_side_encryption_configuration.0.rule.#": "1",
                            "server_side_encryption_configuration.0.rule.0.apply_server_side_encryption_by_default.#": "1",
                            "server_side_encryption_configuration.0.rule.0.apply_server_side_encryption_by_default.0.kms_master_key_id": "",
                            "server_side_encryption_configuration.0.rule.0.apply_server_side_encryption_by_default.0.sse_algorithm": "AES256",
                            "server_side_encryption_configuration.0.rule.0.bucket_key_enabled": "true",
                            "tags.%": "0",
                            "tags_all.%": "0",
                            "versioning.#": "1",
                            "versioning.0.enabled": "false",
                            "versioning.0.mfa_delete": "false",
                            "website.#": "0"
                        },
                        "meta": {
                            "schema_version": 0
                        },
                        "tainted": false
                    },
                    "deposed": [],
                    "provider": "provider.aws"
                },
                "aws_s3_bucket.tfer--prod-socialmanagement-media-thumbnails": {
                    "type": "aws_s3_bucket",
                    "depends_on": [],
                    "primary": {
                        "id": "prod-socialmanagement-media-thumbnails",
                        "attributes": {
                            "acceleration_status": "",
                            "acl": "private",
                            "arn": "arn:aws:s3:::prod-socialmanagement-media-thumbnails",
                            "bucket": "prod-socialmanagement-media-thumbnails",
                            "bucket_domain_name": "prod-socialmanagement-media-thumbnails.s3.amazonaws.com",
                            "bucket_prefix": "",
                            "bucket_regional_domain_name": "prod-socialmanagement-media-thumbnails.s3.us-east-1.amazonaws.com",
                            "cors_rule.#": "1",
                            "cors_rule.0.allowed_headers.#": "1",
                            "cors_rule.0.allowed_headers.0": "*",
                            "cors_rule.0.allowed_methods.#": "5",
                            "cors_rule.0.allowed_methods.0": "DELETE",
                            "cors_rule.0.allowed_methods.1": "GET",
                            "cors_rule.0.allowed_methods.2": "HEAD",
                            "cors_rule.0.allowed_methods.3": "POST",
                            "cors_rule.0.allowed_methods.4": "PUT",
                            "cors_rule.0.allowed_origins.#": "1",
                            "cors_rule.0.allowed_origins.0": "*",
                            "cors_rule.0.expose_headers.#": "0",
                            "cors_rule.0.max_age_seconds": "0",
                            "force_destroy": "false",
                            "grant.#": "1",
                            "grant.0.id": "538701e3302a9d7b5f35c8c31c9eefc27464cecc3a5ce56669ffd89a6310f309",
                            "grant.0.permissions.#": "1",
                            "grant.0.permissions.0": "FULL_CONTROL",
                            "grant.0.type": "CanonicalUser",
                            "grant.0.uri": "",
                            "hosted_zone_id": "Z3AQBSTGFYJSTF",
                            "id": "prod-socialmanagement-media-thumbnails",
                            "lifecycle_rule.#": "0",
                            "logging.#": "0",
                            "object_lock_configuration.#": "0",
                            "object_lock_enabled": "false",
                            "policy": "{\"Version\":\"2012-10-17\",\"Statement\":[{\"Sid\":\"PublicRead\",\"Effect\":\"Allow\",\"Principal\":\"*\",\"Action\":[\"s3:GetObject\",\"s3:GetObjectVersion\",\"s3:PutObject\",\"s3:PutObjectAcl\"],\"Resource\":[\"arn:aws:s3:::prod-socialmanagement-media-thumbnails/*\",\"arn:aws:s3:::prod-socialmanagement-media-thumbnails\"]}]}",
                            "region": "us-east-1",
                            "replication_configuration.#": "0",
                            "request_payer": "BucketOwner",
                            "server_side_encryption_configuration.#": "1",
                            "server_side_encryption_configuration.0.rule.#": "1",
                            "server_side_encryption_configuration.0.rule.0.apply_server_side_encryption_by_default.#": "1",
                            "server_side_encryption_configuration.0.rule.0.apply_server_side_encryption_by_default.0.kms_master_key_id": "",
                            "server_side_encryption_configuration.0.rule.0.apply_server_side_encryption_by_default.0.sse_algorithm": "AES256",
                            "server_side_encryption_configuration.0.rule.0.bucket_key_enabled": "true",
                            "tags.%": "0",
                            "tags_all.%": "0",
                            "versioning.#": "1",
                            "versioning.0.enabled": "false",
                            "versioning.0.mfa_delete": "false",
                            "website.#": "0"
                        },
                        "meta": {
                            "schema_version": 0
                        },
                        "tainted": false
                    },
                    "deposed": [],
                    "provider": "provider.aws"
                },
                "aws_s3_bucket_policy.tfer--dev-socialmanagement-media": {
                    "type": "aws_s3_bucket_policy",
                    "depends_on": [],
                    "primary": {
                        "id": "dev-socialmanagement-media",
                        "attributes": {
                            "bucket": "dev-socialmanagement-media",
                            "id": "dev-socialmanagement-media",
                            "policy": "{\"Statement\":[{\"Action\":[\"s3:GetObject\",\"s3:GetObjectVersion\"],\"Effect\":\"Allow\",\"Principal\":\"*\",\"Resource\":[\"arn:aws:s3:::dev-socialmanagement-media/*\",\"arn:aws:s3:::dev-socialmanagement-media\"],\"Sid\":\"PublicRead\"}],\"Version\":\"2012-10-17\"}"
                        },
                        "meta": {
                            "schema_version": 0
                        },
                        "tainted": false
                    },
                    "deposed": [],
                    "provider": "provider.aws"
                },
                "aws_s3_bucket_policy.tfer--dev-socialmanagement-media-thumbnails": {
                    "type": "aws_s3_bucket_policy",
                    "depends_on": [],
                    "primary": {
                        "id": "dev-socialmanagement-media-thumbnails",
                        "attributes": {
                            "bucket": "dev-socialmanagement-media-thumbnails",
                            "id": "dev-socialmanagement-media-thumbnails",
                            "policy": "{\"Statement\":[{\"Action\":[\"s3:GetObject\",\"s3:GetObjectVersion\",\"s3:PutObject\",\"s3:PutObjectAcl\"],\"Effect\":\"Allow\",\"Principal\":\"*\",\"Resource\":[\"arn:aws:s3:::dev-socialmanagement-media-thumbnails/*\",\"arn:aws:s3:::dev-socialmanagement-media-thumbnails\"],\"Sid\":\"PublicRead\"}],\"Version\":\"2012-10-17\"}"
                        },
                        "meta": {
                            "schema_version": 0
                        },
                        "tainted": false
                    },
                    "deposed": [],
                    "provider": "provider.aws"
                },
                "aws_s3_bucket_policy.tfer--prod-socialmanagement-media": {
                    "type": "aws_s3_bucket_policy",
                    "depends_on": [],
                    "primary": {
                        "id": "prod-socialmanagement-media",
                        "attributes": {
                            "bucket": "prod-socialmanagement-media",
                            "id": "prod-socialmanagement-media",
                            "policy": "{\"Statement\":[{\"Action\":[\"s3:GetObject\",\"s3:GetObjectVersion\"],\"Effect\":\"Allow\",\"Principal\":\"*\",\"Resource\":[\"arn:aws:s3:::prod-socialmanagement-media/*\",\"arn:aws:s3:::prod-socialmanagement-media\"],\"Sid\":\"PublicRead\"}],\"Version\":\"2012-10-17\"}"
                        },
                        "meta": {
                            "schema_version": 0
                        },
                        "tainted": false
                    },
                    "deposed": [],
                    "provider": "provider.aws"
                },
                "aws_s3_bucket_policy.tfer--prod-socialmanagement-media-thumbnails": {
                    "type": "aws_s3_bucket_policy",
                    "depends_on": [],
                    "primary": {
                        "id": "prod-socialmanagement-media-thumbnails",
                        "attributes": {
                            "bucket": "prod-socialmanagement-media-thumbnails",
                            "id": "prod-socialmanagement-media-thumbnails",
                            "policy": "{\"Statement\":[{\"Action\":[\"s3:GetObject\",\"s3:GetObjectVersion\",\"s3:PutObject\",\"s3:PutObjectAcl\"],\"Effect\":\"Allow\",\"Principal\":\"*\",\"Resource\":[\"arn:aws:s3:::prod-socialmanagement-media-thumbnails/*\",\"arn:aws:s3:::prod-socialmanagement-media-thumbnails\"],\"Sid\":\"PublicRead\"}],\"Version\":\"2012-10-17\"}"
                        },
                        "meta": {
                            "schema_version": 0
                        },
                        "tainted": false
                    },
                    "deposed": [],
                    "provider": "provider.aws"
                }
            },
            "depends_on": []
        }
    ]
}
