{
    "version": 3,
    "terraform_version": "0.12.31",
    "serial": 1,
    "lineage": "f878220b-6288-8495-f4f3-31971824394e",
    "modules": [
        {
            "path": [
                "root"
            ],
            "outputs": {
                "aws_main_route_table_association_tfer--vpc-006fe2898f9ea459a_id": {
                    "sensitive": false,
                    "type": "string",
                    "value": "rtbassoc-0044d1d4af1688ee4"
                },
                "aws_route_table_tfer--rtb-0dfc6befbe03b4063_id": {
                    "sensitive": false,
                    "type": "string",
                    "value": "rtb-0dfc6befbe03b4063"
                }
            },
            "resources": {
                "aws_main_route_table_association.tfer--vpc-006fe2898f9ea459a": {
                    "type": "aws_main_route_table_association",
                    "depends_on": [],
                    "primary": {
                        "id": "rtbassoc-0044d1d4af1688ee4",
                        "attributes": {
                            "id": "rtbassoc-0044d1d4af1688ee4",
                            "route_table_id": "rtb-0dfc6befbe03b4063",
                            "vpc_id": "vpc-006fe2898f9ea459a"
                        },
                        "meta": {
                            "schema_version": 0
                        },
                        "tainted": false
                    },
                    "deposed": [],
                    "provider": "provider.aws"
                },
                "aws_route_table.tfer--rtb-0dfc6befbe03b4063": {
                    "type": "aws_route_table",
                    "depends_on": [],
                    "primary": {
                        "id": "rtb-0dfc6befbe03b4063",
                        "attributes": {
                            "arn": "arn:aws:ec2:us-east-1:654654550338:route-table/rtb-0dfc6befbe03b4063",
                            "id": "rtb-0dfc6befbe03b4063",
                            "owner_id": "654654550338",
                            "propagating_vgws.#": "0",
                            "route.#": "1",
                            "route.0.carrier_gateway_id": "",
                            "route.0.cidr_block": "0.0.0.0/0",
                            "route.0.core_network_arn": "",
                            "route.0.destination_prefix_list_id": "",
                            "route.0.egress_only_gateway_id": "",
                            "route.0.gateway_id": "igw-0b8ec19f7ccf65e6d",
                            "route.0.ipv6_cidr_block": "",
                            "route.0.local_gateway_id": "",
                            "route.0.nat_gateway_id": "",
                            "route.0.network_interface_id": "",
                            "route.0.transit_gateway_id": "",
                            "route.0.vpc_endpoint_id": "",
                            "route.0.vpc_peering_connection_id": "",
                            "tags.%": "0",
                            "tags_all.%": "0",
                            "vpc_id": "vpc-006fe2898f9ea459a"
                        },
                        "meta": {
                            "schema_version": 0
                        },
                        "tainted": false
                    },
                    "deposed": [],
                    "provider": "provider.aws"
                }
            },
            "depends_on": []
        }
    ]
}
