{
  "version": 4,
  "terraform_version": "1.11.4",
  "serial": 20,
  "lineage": "79840791-66d8-a598-ed89-1f09c0a01029",
  "outputs": {
    "remotion_bucket_name": {
      "value": "remotionlambda-us-east-1",
      "type": "string"
    },
    "remotion_user_access_key_id": {
      "value": "LKIAQAAAAAAADDILITID",
      "type": "string",
      "sensitive": true
    },
    "remotion_user_secret_access_key": {
      "value": "hUqQWFQkz9sof8IAZhGJfv5Aa7bOKTPz6sg9l2Ab",
      "type": "string",
      "sensitive": true
    }
  },
  "resources": [
    {
      "mode": "data",
      "type": "aws_region",
      "name": "current",
      "provider": "provider[\"registry.terraform.io/hashicorp/aws\"]",
      "instances": [
        {
          "schema_version": 0,
          "attributes": {
            "description": "US East (N. Virginia)",
            "endpoint": "ec2.us-east-1.amazonaws.com",
            "id": "us-east-1",
            "name": "us-east-1"
          },
          "sensitive_attributes": []
        }
      ]
    },
    {
      "mode": "managed",
      "type": "aws_iam_access_key",
      "name": "remotion_user_access_key",
      "provider": "provider[\"registry.terraform.io/hashicorp/aws\"]",
      "instances": [
        {
          "schema_version": 0,
          "attributes": {
            "create_date": "2025-06-02T19:33:58Z",
            "encrypted_secret": null,
            "encrypted_ses_smtp_password_v4": null,
            "id": "LKIAQAAAAAAADDILITID",
            "key_fingerprint": null,
            "pgp_key": null,
            "secret": "hUqQWFQkz9sof8IAZhGJfv5Aa7bOKTPz6sg9l2Ab",
            "ses_smtp_password_v4": "BJ7XWagbuRjODq7DASdfAq0l2n5yA0rNja76JY2oONYf",
            "status": "Active",
            "user": "remotion-user"
          },
          "sensitive_attributes": [
            [
              {
                "type": "get_attr",
                "value": "secret"
              }
            ],
            [
              {
                "type": "get_attr",
                "value": "ses_smtp_password_v4"
              }
            ]
          ],
          "private": "bnVsbA==",
          "dependencies": [
            "aws_iam_user.remotion_user"
          ]
        }
      ]
    },
    {
      "mode": "managed",
      "type": "aws_iam_policy",
      "name": "remotion_lambda_invoke",
      "provider": "provider[\"registry.terraform.io/hashicorp/aws\"]",
      "instances": [
        {
          "schema_version": 0,
          "attributes": {
            "arn": "arn:aws:iam::000000000000:policy/remotion-lambda-invoke-policy",
            "attachment_count": 0,
            "description": "Policy to allow lambda:InvokeFunction on remotion-render-*",
            "id": "arn:aws:iam::000000000000:policy/remotion-lambda-invoke-policy",
            "name": "remotion-lambda-invoke-policy",
            "name_prefix": "",
            "path": "/",
            "policy": "{\"Statement\":[{\"Action\":[\"lambda:InvokeFunction\"],\"Effect\":\"Allow\",\"Resource\":[\"arn:aws:lambda:*:*:function:remotion-render-*\"],\"Sid\":\"2\"}],\"Version\":\"2012-10-17\"}",
            "policy_id": "ABEOCHMQZXHCJMSVMTOZU",
            "tags": null,
            "tags_all": {}
          },
          "sensitive_attributes": [],
          "private": "bnVsbA=="
        }
      ]
    },
    {
      "mode": "managed",
      "type": "aws_iam_policy",
      "name": "remotion_logs_create_log_group",
      "provider": "provider[\"registry.terraform.io/hashicorp/aws\"]",
      "instances": [
        {
          "schema_version": 0,
          "attributes": {
            "arn": "arn:aws:iam::000000000000:policy/remotion-logs-create-log-group-policy",
            "attachment_count": 0,
            "description": "Policy to allow logs:CreateLogGroup for /aws/lambda-insights",
            "id": "arn:aws:iam::000000000000:policy/remotion-logs-create-log-group-policy",
            "name": "remotion-logs-create-log-group-policy",
            "name_prefix": "",
            "path": "/",
            "policy": "{\"Statement\":[{\"Action\":[\"logs:CreateLogGroup\"],\"Effect\":\"Allow\",\"Resource\":[\"arn:aws:logs:*:*:log-group:/aws/lambda-insights\"],\"Sid\":\"3\"}],\"Version\":\"2012-10-17\"}",
            "policy_id": "AZSFWK2CO6CB6Y2QTBWHQ",
            "tags": null,
            "tags_all": {}
          },
          "sensitive_attributes": [],
          "private": "bnVsbA=="
        }
      ]
    },
    {
      "mode": "managed",
      "type": "aws_iam_policy",
      "name": "remotion_logs_lambda_stream",
      "provider": "provider[\"registry.terraform.io/hashicorp/aws\"]",
      "instances": [
        {
          "schema_version": 0,
          "attributes": {
            "arn": "arn:aws:iam::000000000000:policy/remotion-logs-lambda-stream-policy",
            "attachment_count": 0,
            "description": "Policy to allow logs:CreateLogStream and logs:PutLogEvents on Lambda log groups",
            "id": "arn:aws:iam::000000000000:policy/remotion-logs-lambda-stream-policy",
            "name": "remotion-logs-lambda-stream-policy",
            "name_prefix": "",
            "path": "/",
            "policy": "{\"Statement\":[{\"Action\":[\"logs:CreateLogStream\",\"logs:PutLogEvents\"],\"Effect\":\"Allow\",\"Resource\":[\"arn:aws:logs:*:*:log-group:/aws/lambda/remotion-render-*\",\"arn:aws:logs:*:*:log-group:/aws/lambda-insights:*\"],\"Sid\":\"4\"}],\"Version\":\"2012-10-17\"}",
            "policy_id": "A5BFSZQ0I1P1PO2UWTS7Q",
            "tags": null,
            "tags_all": {}
          },
          "sensitive_attributes": [],
          "private": "bnVsbA=="
        }
      ]
    },
    {
      "mode": "managed",
      "type": "aws_iam_policy",
      "name": "remotion_s3_bucket_actions",
      "provider": "provider[\"registry.terraform.io/hashicorp/aws\"]",
      "instances": [
        {
          "schema_version": 0,
          "attributes": {
            "arn": "arn:aws:iam::000000000000:policy/remotion-s3-bucket-actions-policy",
            "attachment_count": 0,
            "description": "Policy to allow S3 actions on remotionlambda-* buckets",
            "id": "arn:aws:iam::000000000000:policy/remotion-s3-bucket-actions-policy",
            "name": "remotion-s3-bucket-actions-policy",
            "name_prefix": "",
            "path": "/",
            "policy": "{\"Statement\":[{\"Action\":[\"s3:CreateBucket\",\"s3:ListBucket\",\"s3:PutBucketAcl\",\"s3:GetObject\",\"s3:DeleteObject\",\"s3:PutObjectAcl\",\"s3:PutObject\",\"s3:GetBucketLocation\"],\"Effect\":\"Allow\",\"Resource\":[\"arn:aws:s3:::remotionlambda-*\"],\"Sid\":\"1\"}],\"Version\":\"2012-10-17\"}",
            "policy_id": "AE0VRX9KDFUW2M09LTWJ9",
            "tags": null,
            "tags_all": {}
          },
          "sensitive_attributes": [],
          "private": "bnVsbA=="
        }
      ]
    },
    {
      "mode": "managed",
      "type": "aws_iam_policy",
      "name": "remotion_s3_list_buckets",
      "provider": "provider[\"registry.terraform.io/hashicorp/aws\"]",
      "instances": [
        {
          "schema_version": 0,
          "attributes": {
            "arn": "arn:aws:iam::000000000000:policy/remotion-s3-list-buckets-policy",
            "attachment_count": 0,
            "description": "Policy to allow s3:ListAllMyBuckets",
            "id": "arn:aws:iam::000000000000:policy/remotion-s3-list-buckets-policy",
            "name": "remotion-s3-list-buckets-policy",
            "name_prefix": "",
            "path": "/",
            "policy": "{\"Statement\":[{\"Action\":[\"s3:ListAllMyBuckets\"],\"Effect\":\"Allow\",\"Resource\":[\"*\"],\"Sid\":\"0\"}],\"Version\":\"2012-10-17\"}",
            "policy_id": "AOKM2VWVLNYJFJEGT95X7",
            "tags": null,
            "tags_all": {}
          },
          "sensitive_attributes": [],
          "private": "bnVsbA=="
        }
      ]
    },
    {
      "mode": "managed",
      "type": "aws_iam_role",
      "name": "remotion_lambda_role",
      "provider": "provider[\"registry.terraform.io/hashicorp/aws\"]",
      "instances": [
        {
          "schema_version": 0,
          "attributes": {
            "arn": "arn:aws:iam::000000000000:role/remotion-lambda-role",
            "assume_role_policy": "{\"Statement\":[{\"Action\":\"sts:AssumeRole\",\"Effect\":\"Allow\",\"Principal\":{\"Service\":\"lambda.amazonaws.com\"}}],\"Version\":\"2012-10-17\"}",
            "create_date": "2025-06-02T19:33:58Z",
            "description": "Role for Lambda to access S3, Logs, and invoke Lambda functions",
            "force_detach_policies": false,
            "id": "remotion-lambda-role",
            "inline_policy": [],
            "managed_policy_arns": [],
            "max_session_duration": 3600,
            "name": "remotion-lambda-role",
            "name_prefix": "",
            "path": "/",
            "permissions_boundary": "",
            "tags": null,
            "tags_all": {},
            "unique_id": "AROAQAAAAAAAG37CT4UG4"
          },
          "sensitive_attributes": [],
          "private": "bnVsbA=="
        }
      ]
    },
    {
      "mode": "managed",
      "type": "aws_iam_role_policy_attachment",
      "name": "remotion_attach_lambda_invoke",
      "provider": "provider[\"registry.terraform.io/hashicorp/aws\"]",
      "instances": [
        {
          "schema_version": 0,
          "attributes": {
            "id": "remotion-lambda-role-20250602193358658000000002",
            "policy_arn": "arn:aws:iam::000000000000:policy/remotion-lambda-invoke-policy",
            "role": "remotion-lambda-role"
          },
          "sensitive_attributes": [],
          "private": "bnVsbA==",
          "dependencies": [
            "aws_iam_policy.remotion_lambda_invoke",
            "aws_iam_role.remotion_lambda_role"
          ]
        }
      ]
    },
    {
      "mode": "managed",
      "type": "aws_iam_role_policy_attachment",
      "name": "remotion_attach_logs_create_log_group",
      "provider": "provider[\"registry.terraform.io/hashicorp/aws\"]",
      "instances": [
        {
          "schema_version": 0,
          "attributes": {
            "id": "remotion-lambda-role-20250602193358659700000004",
            "policy_arn": "arn:aws:iam::000000000000:policy/remotion-logs-create-log-group-policy",
            "role": "remotion-lambda-role"
          },
          "sensitive_attributes": [],
          "private": "bnVsbA==",
          "dependencies": [
            "aws_iam_policy.remotion_logs_create_log_group",
            "aws_iam_role.remotion_lambda_role"
          ]
        }
      ]
    },
    {
      "mode": "managed",
      "type": "aws_iam_role_policy_attachment",
      "name": "remotion_attach_logs_lambda_stream",
      "provider": "provider[\"registry.terraform.io/hashicorp/aws\"]",
      "instances": [
        {
          "schema_version": 0,
          "attributes": {
            "id": "remotion-lambda-role-20250602193358660700000005",
            "policy_arn": "arn:aws:iam::000000000000:policy/remotion-logs-lambda-stream-policy",
            "role": "remotion-lambda-role"
          },
          "sensitive_attributes": [],
          "private": "bnVsbA==",
          "dependencies": [
            "aws_iam_policy.remotion_logs_lambda_stream",
            "aws_iam_role.remotion_lambda_role"
          ]
        }
      ]
    },
    {
      "mode": "managed",
      "type": "aws_iam_role_policy_attachment",
      "name": "remotion_attach_s3_bucket_actions",
      "provider": "provider[\"registry.terraform.io/hashicorp/aws\"]",
      "instances": [
        {
          "schema_version": 0,
          "attributes": {
            "id": "remotion-lambda-role-20250602193358658900000003",
            "policy_arn": "arn:aws:iam::000000000000:policy/remotion-s3-bucket-actions-policy",
            "role": "remotion-lambda-role"
          },
          "sensitive_attributes": [],
          "private": "bnVsbA==",
          "dependencies": [
            "aws_iam_policy.remotion_s3_bucket_actions",
            "aws_iam_role.remotion_lambda_role"
          ]
        }
      ]
    },
    {
      "mode": "managed",
      "type": "aws_iam_role_policy_attachment",
      "name": "remotion_attach_s3_list_buckets",
      "provider": "provider[\"registry.terraform.io/hashicorp/aws\"]",
      "instances": [
        {
          "schema_version": 0,
          "attributes": {
            "id": "remotion-lambda-role-20250602193358654600000001",
            "policy_arn": "arn:aws:iam::000000000000:policy/remotion-s3-list-buckets-policy",
            "role": "remotion-lambda-role"
          },
          "sensitive_attributes": [],
          "private": "bnVsbA==",
          "dependencies": [
            "aws_iam_policy.remotion_s3_list_buckets",
            "aws_iam_role.remotion_lambda_role"
          ]
        }
      ]
    },
    {
      "mode": "managed",
      "type": "aws_iam_user",
      "name": "remotion_user",
      "provider": "provider[\"registry.terraform.io/hashicorp/aws\"]",
      "instances": [
        {
          "schema_version": 0,
          "attributes": {
            "arn": "arn:aws:iam::000000000000:user/remotion-user",
            "force_destroy": false,
            "id": "remotion-user",
            "name": "remotion-user",
            "path": "/",
            "permissions_boundary": "",
            "tags": null,
            "tags_all": {},
            "unique_id": "vgzcjj2xxph37a4tbmvw"
          },
          "sensitive_attributes": [],
          "private": "bnVsbA=="
        }
      ]
    },
    {
      "mode": "managed",
      "type": "aws_iam_user_policy",
      "name": "remotion_user_policy",
      "provider": "provider[\"registry.terraform.io/hashicorp/aws\"]",
      "instances": [
        {
          "schema_version": 0,
          "attributes": {
            "id": "remotion-user:remotion-user-policy",
            "name": "remotion-user-policy",
            "name_prefix": "",
            "policy": "{\"Version\":\"2012-10-17\",\"Statement\":[{\"Action\":[\"servicequotas:GetServiceQuota\",\"servicequotas:GetAWSDefaultServiceQuota\",\"servicequotas:RequestServiceQuotaIncrease\",\"servicequotas:ListRequestedServiceQuotaChangeHistoryByQuota\"],\"Effect\":\"Allow\",\"Resource\":[\"*\"],\"Sid\":\"HandleQuotas\"},{\"Action\":[\"iam:SimulatePrincipalPolicy\"],\"Effect\":\"Allow\",\"Resource\":[\"*\"],\"Sid\":\"PermissionValidation\"},{\"Action\":[\"iam:PassRole\"],\"Effect\":\"Allow\",\"Resource\":[\"arn:aws:iam::*:role/remotion-lambda-role\"],\"Sid\":\"LambdaInvokation\"},{\"Action\":[\"s3:GetObject\",\"s3:DeleteObject\",\"s3:PutObjectAcl\",\"s3:PutObject\",\"s3:CreateBucket\",\"s3:ListBucket\",\"s3:GetBucketLocation\",\"s3:PutBucketAcl\",\"s3:DeleteBucket\",\"s3:PutBucketOwnershipControls\",\"s3:PutBucketPublicAccessBlock\",\"s3:PutLifecycleConfiguration\"],\"Effect\":\"Allow\",\"Resource\":[\"arn:aws:s3:::remotionlambda-*\"],\"Sid\":\"Storage\"},{\"Action\":[\"s3:ListAllMyBuckets\"],\"Effect\":\"Allow\",\"Resource\":[\"*\"],\"Sid\":\"BucketListing\"},{\"Action\":[\"lambda:ListFunctions\",\"lambda:GetFunction\"],\"Effect\":\"Allow\",\"Resource\":[\"*\"],\"Sid\":\"FunctionListing\"},{\"Action\":[\"lambda:InvokeAsync\",\"lambda:InvokeFunction\",\"lambda:CreateFunction\",\"lambda:DeleteFunction\",\"lambda:PutFunctionEventInvokeConfig\",\"lambda:PutRuntimeManagementConfig\",\"lambda:TagResource\"],\"Effect\":\"Allow\",\"Resource\":[\"arn:aws:lambda:*:*:function:remotion-render-*\"],\"Sid\":\"FunctionManagement\"},{\"Action\":[\"logs:CreateLogGroup\",\"logs:PutRetentionPolicy\"],\"Effect\":\"Allow\",\"Resource\":[\"arn:aws:logs:*:*:log-group:/aws/lambda/remotion-render-*\"],\"Sid\":\"LogsRetention\"},{\"Action\":[\"lambda:GetLayerVersion\"],\"Effect\":\"Allow\",\"Resource\":[\"arn:aws:lambda:*:678892195805:layer:remotion-binaries-*\",\"arn:aws:lambda:*:580247275435:layer:LambdaInsightsExtension*\"],\"Sid\":\"FetchBinaries\"},{\"Action\":[\"sts:GetSessionToken\"],\"Effect\":\"Allow\",\"Resource\":[\"*\"],\"Sid\":\"SessionTokenAccess\"}]}",
            "user": "remotion-user"
          },
          "sensitive_attributes": [],
          "private": "bnVsbA==",
          "dependencies": [
            "aws_iam_user.remotion_user"
          ]
        }
      ]
    },
    {
      "mode": "managed",
      "type": "aws_s3_bucket",
      "name": "remotion_bucket",
      "provider": "provider[\"registry.terraform.io/hashicorp/aws\"]",
      "instances": [
        {
          "schema_version": 0,
          "attributes": {
            "acceleration_status": "",
            "acl": null,
            "arn": "arn:aws:s3:::remotionlambda-us-east-1",
            "bucket": "remotionlambda-us-east-1",
            "bucket_domain_name": "remotionlambda-us-east-1.s3.amazonaws.com",
            "bucket_prefix": "",
            "bucket_regional_domain_name": "remotionlambda-us-east-1.s3.us-east-1.amazonaws.com",
            "cors_rule": [],
            "force_destroy": false,
            "grant": [
              {
                "id": "75aa57f09aa0c8caeab4f8c24e99d10f8e7faeebf76c078efc7c6caea54ba06a",
                "permissions": [
                  "FULL_CONTROL"
                ],
                "type": "CanonicalUser",
                "uri": ""
              }
            ],
            "hosted_zone_id": "Z3AQBSTGFYJSTF",
            "id": "remotionlambda-us-east-1",
            "lifecycle_rule": [],
            "logging": [],
            "object_lock_configuration": [],
            "object_lock_enabled": false,
            "policy": "",
            "region": "us-east-1",
            "replication_configuration": [],
            "request_payer": "BucketOwner",
            "server_side_encryption_configuration": [
              {
                "rule": [
                  {
                    "apply_server_side_encryption_by_default": [
                      {
                        "kms_master_key_id": "",
                        "sse_algorithm": "AES256"
                      }
                    ],
                    "bucket_key_enabled": false
                  }
                ]
              }
            ],
            "tags": {
              "Environment": "Production",
              "Name": "remotionlambda-us-east-1"
            },
            "tags_all": {
              "Environment": "Production",
              "Name": "remotionlambda-us-east-1"
            },
            "timeouts": null,
            "versioning": [
              {
                "enabled": false,
                "mfa_delete": false
              }
            ],
            "website": [],
            "website_domain": null,
            "website_endpoint": null
          },
          "sensitive_attributes": [],
          "private": "eyJlMmJmYjczMC1lY2FhLTExZTYtOGY4OC0zNDM2M2JjN2M0YzAiOnsiY3JlYXRlIjoxMjAwMDAwMDAwMDAwLCJkZWxldGUiOjM2MDAwMDAwMDAwMDAsInJlYWQiOjEyMDAwMDAwMDAwMDAsInVwZGF0ZSI6MTIwMDAwMDAwMDAwMH19",
          "dependencies": [
            "data.aws_region.current"
          ]
        }
      ]
    },
    {
      "mode": "managed",
      "type": "aws_s3_bucket_acl",
      "name": "remotion_bucket_acl",
      "provider": "provider[\"registry.terraform.io/hashicorp/aws\"]",
      "instances": [
        {
          "schema_version": 0,
          "attributes": {
            "access_control_policy": [
              {
                "grant": [
                  {
                    "grantee": [
                      {
                        "display_name": "",
                        "email_address": "",
                        "id": "",
                        "type": "Group",
                        "uri": "http://acs.amazonaws.com/groups/global/AllUsers"
                      }
                    ],
                    "permission": "READ"
                  },
                  {
                    "grantee": [
                      {
                        "display_name": "webfile",
                        "email_address": "",
                        "id": "75aa57f09aa0c8caeab4f8c24e99d10f8e7faeebf76c078efc7c6caea54ba06a",
                        "type": "CanonicalUser",
                        "uri": ""
                      }
                    ],
                    "permission": "FULL_CONTROL"
                  }
                ],
                "owner": [
                  {
                    "display_name": "webfile",
                    "id": "75aa57f09aa0c8caeab4f8c24e99d10f8e7faeebf76c078efc7c6caea54ba06a"
                  }
                ]
              }
            ],
            "acl": "public-read",
            "bucket": "remotionlambda-us-east-1",
            "expected_bucket_owner": "",
            "id": "remotionlambda-us-east-1,public-read"
          },
          "sensitive_attributes": [],
          "private": "bnVsbA==",
          "dependencies": [
            "aws_s3_bucket.remotion_bucket",
            "aws_s3_bucket_ownership_controls.remotion_bucket_ownership_controls",
            "aws_s3_bucket_public_access_block.remotion_bucket_public_access_block",
            "data.aws_region.current"
          ]
        }
      ]
    },
    {
      "mode": "managed",
      "type": "aws_s3_bucket_lifecycle_configuration",
      "name": "remotion_lifecycle",
      "provider": "provider[\"registry.terraform.io/hashicorp/aws\"]",
      "instances": [
        {
          "schema_version": 1,
          "attributes": {
            "bucket": "remotionlambda-us-east-1",
            "expected_bucket_owner": "",
            "id": "remotionlambda-us-east-1",
            "rule": [
              {
                "abort_incomplete_multipart_upload": [],
                "expiration": [
                  {
                    "date": null,
                    "days": 1,
                    "expired_object_delete_marker": false
                  }
                ],
                "filter": [
                  {
                    "and": [],
                    "object_size_greater_than": null,
                    "object_size_less_than": null,
                    "prefix": "renders/",
                    "tag": []
                  }
                ],
                "id": "delete-old-renders",
                "noncurrent_version_expiration": [],
                "noncurrent_version_transition": [],
                "prefix": "",
                "status": "Enabled",
                "transition": []
              }
            ],
            "timeouts": null,
            "transition_default_minimum_object_size": "all_storage_classes_128K"
          },
          "sensitive_attributes": [],
          "dependencies": [
            "aws_s3_bucket.remotion_bucket",
            "data.aws_region.current"
          ]
        }
      ]
    },
    {
      "mode": "managed",
      "type": "aws_s3_bucket_ownership_controls",
      "name": "remotion_bucket_ownership_controls",
      "provider": "provider[\"registry.terraform.io/hashicorp/aws\"]",
      "instances": [
        {
          "schema_version": 0,
          "attributes": {
            "bucket": "remotionlambda-us-east-1",
            "id": "remotionlambda-us-east-1",
            "rule": [
              {
                "object_ownership": "BucketOwnerPreferred"
              }
            ]
          },
          "sensitive_attributes": [],
          "private": "bnVsbA==",
          "dependencies": [
            "aws_s3_bucket.remotion_bucket",
            "data.aws_region.current"
          ]
        }
      ]
    },
    {
      "mode": "managed",
      "type": "aws_s3_bucket_public_access_block",
      "name": "remotion_bucket_public_access_block",
      "provider": "provider[\"registry.terraform.io/hashicorp/aws\"]",
      "instances": [
        {
          "schema_version": 0,
          "attributes": {
            "block_public_acls": false,
            "block_public_policy": false,
            "bucket": "remotionlambda-us-east-1",
            "id": "remotionlambda-us-east-1",
            "ignore_public_acls": false,
            "restrict_public_buckets": false
          },
          "sensitive_attributes": [],
          "private": "bnVsbA==",
          "dependencies": [
            "aws_s3_bucket.remotion_bucket",
            "data.aws_region.current"
          ]
        }
      ]
    }
  ],
  "check_results": null
}
