{
  "version": 4,
  "terraform_version": "1.10.4",
  "serial": 7,
  "lineage": "e7b91202-9574-4dbe-ee15-6590886120e9",
  "outputs": {},
  "resources": [
    {
      "mode": "managed",
      "type": "aws_api_gateway_method",
      "name": "transcribe_post",
      "provider": "provider[\"registry.terraform.io/hashicorp/aws\"]",
      "instances": [
        {
          "schema_version": 0,
          "attributes": {
            "api_key_required": false,
            "authorization": "NONE",
            "authorization_scopes": null,
            "authorizer_id": null,
            "http_method": "POST",
            "id": "agm-rql8ze72jf-c3d4ek-POST",
            "operation_name": null,
            "request_models": null,
            "request_parameters": null,
            "request_validator_id": null,
            "resource_id": "c3d4ek",
            "rest_api_id": "rql8ze72jf"
          },
          "sensitive_attributes": [],
          "private": "bnVsbA==",
          "dependencies": [
            "aws_api_gateway_resource.transcribe",
            "aws_api_gateway_rest_api.transcribe_api"
          ]
        }
      ]
    },
    {
      "mode": "managed",
      "type": "aws_api_gateway_method_response",
      "name": "transcribe_post_error_response",
      "provider": "provider[\"registry.terraform.io/hashicorp/aws\"]",
      "instances": [
        {
          "schema_version": 0,
          "attributes": {
            "http_method": "POST",
            "id": "agmr-rql8ze72jf-c3d4ek-POST-500",
            "resource_id": "c3d4ek",
            "response_models": null,
            "response_parameters": null,
            "rest_api_id": "rql8ze72jf",
            "status_code": "500"
          },
          "sensitive_attributes": [],
          "private": "bnVsbA==",
          "dependencies": [
            "aws_api_gateway_method.transcribe_post",
            "aws_api_gateway_resource.transcribe",
            "aws_api_gateway_rest_api.transcribe_api"
          ]
        }
      ]
    },
    {
      "mode": "managed",
      "type": "aws_api_gateway_method_response",
      "name": "transcribe_post_response",
      "provider": "provider[\"registry.terraform.io/hashicorp/aws\"]",
      "instances": [
        {
          "schema_version": 0,
          "attributes": {
            "http_method": "POST",
            "id": "agmr-rql8ze72jf-c3d4ek-POST-200",
            "resource_id": "c3d4ek",
            "response_models": null,
            "response_parameters": null,
            "rest_api_id": "rql8ze72jf",
            "status_code": "200"
          },
          "sensitive_attributes": [],
          "private": "bnVsbA==",
          "dependencies": [
            "aws_api_gateway_method.transcribe_post",
            "aws_api_gateway_resource.transcribe",
            "aws_api_gateway_rest_api.transcribe_api"
          ]
        }
      ]
    },
    {
      "mode": "managed",
      "type": "aws_api_gateway_resource",
      "name": "transcribe",
      "provider": "provider[\"registry.terraform.io/hashicorp/aws\"]",
      "instances": [
        {
          "schema_version": 0,
          "attributes": {
            "id": "c3d4ek",
            "parent_id": "fxlefbxbw1",
            "path": "/transcribe",
            "path_part": "transcribe",
            "rest_api_id": "rql8ze72jf"
          },
          "sensitive_attributes": [],
          "private": "bnVsbA==",
          "dependencies": [
            "aws_api_gateway_rest_api.transcribe_api"
          ]
        }
      ]
    },
    {
      "mode": "managed",
      "type": "aws_api_gateway_rest_api",
      "name": "transcribe_api",
      "provider": "provider[\"registry.terraform.io/hashicorp/aws\"]",
      "instances": [
        {
          "schema_version": 0,
          "attributes": {
            "api_key_source": "HEADER",
            "arn": "arn:aws:apigateway:us-east-1::/restapis/rql8ze72jf",
            "binary_media_types": [],
            "body": null,
            "created_date": "2025-01-19T05:02:37Z",
            "description": "",
            "disable_execute_api_endpoint": false,
            "endpoint_configuration": [
              {
                "types": [
                  "EDGE"
                ],
                "vpc_endpoint_ids": []
              }
            ],
            "execution_arn": "arn:aws:execute-api:us-east-1:654654550338:rql8ze72jf",
            "fail_on_warnings": null,
            "id": "rql8ze72jf",
            "minimum_compression_size": "",
            "name": "transcribe-api",
            "parameters": null,
            "policy": "",
            "put_rest_api_mode": null,
            "root_resource_id": "fxlefbxbw1",
            "tags": null,
            "tags_all": {}
          },
          "sensitive_attributes": [],
          "private": "bnVsbA=="
        }
      ]
    }
  ],
  "check_results": null
}
