{
    "version": 3,
    "terraform_version": "0.12.31",
    "serial": 1,
    "lineage": "2da1240d-3474-6c1f-98f4-8996dde6fdfb",
    "modules": [
        {
            "path": [
                "root"
            ],
            "outputs": {
                "aws_api_gateway_method_response_tfer--rql8ze72jf-002F-c3d4ek-002F-POST-002F-200_id": {
                    "sensitive": false,
                    "type": "string",
                    "value": "rql8ze72jf/c3d4ek/POST/200"
                },
                "aws_api_gateway_method_response_tfer--rql8ze72jf-002F-c3d4ek-002F-POST-002F-500_id": {
                    "sensitive": false,
                    "type": "string",
                    "value": "rql8ze72jf/c3d4ek/POST/500"
                },
                "aws_api_gateway_method_tfer--rql8ze72jf-002F-c3d4ek-002F-POST_id": {
                    "sensitive": false,
                    "type": "string",
                    "value": "rql8ze72jf/c3d4ek/POST"
                },
                "aws_api_gateway_model_tfer--rql8ze72jf-002F-a47yaz_id": {
                    "sensitive": false,
                    "type": "string",
                    "value": "rql8ze72jf/a47yaz"
                },
                "aws_api_gateway_model_tfer--rql8ze72jf-002F-znvqrw_id": {
                    "sensitive": false,
                    "type": "string",
                    "value": "rql8ze72jf/znvqrw"
                },
                "aws_api_gateway_rest_api_tfer--rql8ze72jf_transcribe-api_id": {
                    "sensitive": false,
                    "type": "string",
                    "value": "rql8ze72jf"
                }
            },
            "resources": {
                "aws_api_gateway_method.tfer--rql8ze72jf-002F-c3d4ek-002F-POST": {
                    "type": "aws_api_gateway_method",
                    "depends_on": [],
                    "primary": {
                        "id": "rql8ze72jf/c3d4ek/POST",
                        "attributes": {
                            "api_key_required": "false",
                            "authorization": "NONE",
                            "authorization_scopes.#": "0",
                            "authorizer_id": "",
                            "http_method": "POST",
                            "id": "rql8ze72jf/c3d4ek/POST",
                            "operation_name": "",
                            "request_models.%": "0",
                            "request_parameters.%": "0",
                            "request_validator_id": "",
                            "resource_id": "c3d4ek",
                            "rest_api_id": "rql8ze72jf"
                        },
                        "meta": {
                            "schema_version": 0
                        },
                        "tainted": false
                    },
                    "deposed": [],
                    "provider": "provider.aws"
                },
                "aws_api_gateway_method_response.tfer--rql8ze72jf-002F-c3d4ek-002F-POST-002F-200": {
                    "type": "aws_api_gateway_method_response",
                    "depends_on": [],
                    "primary": {
                        "id": "rql8ze72jf/c3d4ek/POST/200",
                        "attributes": {
                            "http_method": "POST",
                            "id": "rql8ze72jf/c3d4ek/POST/200",
                            "resource_id": "c3d4ek",
                            "response_models.%": "0",
                            "response_parameters.%": "0",
                            "rest_api_id": "rql8ze72jf",
                            "status_code": "200"
                        },
                        "meta": {
                            "schema_version": 0
                        },
                        "tainted": false
                    },
                    "deposed": [],
                    "provider": "provider.aws"
                },
                "aws_api_gateway_method_response.tfer--rql8ze72jf-002F-c3d4ek-002F-POST-002F-500": {
                    "type": "aws_api_gateway_method_response",
                    "depends_on": [],
                    "primary": {
                        "id": "rql8ze72jf/c3d4ek/POST/500",
                        "attributes": {
                            "http_method": "POST",
                            "id": "rql8ze72jf/c3d4ek/POST/500",
                            "resource_id": "c3d4ek",
                            "response_models.%": "0",
                            "response_parameters.%": "0",
                            "rest_api_id": "rql8ze72jf",
                            "status_code": "500"
                        },
                        "meta": {
                            "schema_version": 0
                        },
                        "tainted": false
                    },
                    "deposed": [],
                    "provider": "provider.aws"
                },
                "aws_api_gateway_model.tfer--rql8ze72jf-002F-a47yaz": {
                    "type": "aws_api_gateway_model",
                    "depends_on": [],
                    "primary": {
                        "id": "rql8ze72jf/a47yaz",
                        "attributes": {
                            "content_type": "application/json",
                            "description": "This is a default empty schema model",
                            "id": "rql8ze72jf/a47yaz",
                            "name": "Empty",
                            "rest_api_id": "rql8ze72jf",
                            "schema": "{\n  \"$schema\": \"http://json-schema.org/draft-04/schema#\",\n  \"title\" : \"Empty Schema\",\n  \"type\" : \"object\"\n}"
                        },
                        "meta": {
                            "schema_version": 0
                        },
                        "tainted": false
                    },
                    "deposed": [],
                    "provider": "provider.aws"
                },
                "aws_api_gateway_model.tfer--rql8ze72jf-002F-znvqrw": {
                    "type": "aws_api_gateway_model",
                    "depends_on": [],
                    "primary": {
                        "id": "rql8ze72jf/znvqrw",
                        "attributes": {
                            "content_type": "application/json",
                            "description": "This is a default error schema model",
                            "id": "rql8ze72jf/znvqrw",
                            "name": "Error",
                            "rest_api_id": "rql8ze72jf",
                            "schema": "{\n  \"$schema\" : \"http://json-schema.org/draft-04/schema#\",\n  \"title\" : \"Error Schema\",\n  \"type\" : \"object\",\n  \"properties\" : {\n    \"message\" : { \"type\" : \"string\" }\n  }\n}"
                        },
                        "meta": {
                            "schema_version": 0
                        },
                        "tainted": false
                    },
                    "deposed": [],
                    "provider": "provider.aws"
                },
                "aws_api_gateway_rest_api.tfer--rql8ze72jf_transcribe-api": {
                    "type": "aws_api_gateway_rest_api",
                    "depends_on": [],
                    "primary": {
                        "id": "rql8ze72jf",
                        "attributes": {
                            "api_key_source": "HEADER",
                            "arn": "arn:aws:apigateway:us-east-1::/restapis/rql8ze72jf",
                            "binary_media_types.#": "0",
                            "created_date": "2025-01-19T05:02:37Z",
                            "description": "",
                            "disable_execute_api_endpoint": "false",
                            "endpoint_configuration.#": "1",
                            "endpoint_configuration.0.types.#": "1",
                            "endpoint_configuration.0.types.0": "EDGE",
                            "endpoint_configuration.0.vpc_endpoint_ids.#": "0",
                            "execution_arn": "arn:aws:execute-api:us-east-1:654654550338:rql8ze72jf",
                            "id": "rql8ze72jf",
                            "minimum_compression_size": "",
                            "name": "transcribe-api",
                            "policy": "",
                            "root_resource_id": "fxlefbxbw1",
                            "tags.%": "0",
                            "tags_all.%": "0"
                        },
                        "meta": {
                            "schema_version": 0
                        },
                        "tainted": false
                    },
                    "deposed": [],
                    "provider": "provider.aws"
                }
            },
            "depends_on": []
        }
    ]
}
